
Microsoft Visual Studio Solution File, Format Version 12.00
# Visual Studio Version 17
VisualStudioVersion = 17.3.32929.385
MinimumVisualStudioVersion = 10.0.40219.1
Project("{FAE04EC0-301F-11D3-BF4B-00C04F79EFBC}") = "DiscordSecretBot", "DiscordSecretBot.csproj", "{D690F2D2-9FE3-4C81-8881-00991BD19513}"
EndProject
Global
	GlobalSection(SolutionConfigurationPlatforms) = preSolution
		Debug|Any CPU = Debug|Any CPU
		Release|Any CPU = Release|Any CPU
	EndGlobalSection
	GlobalSection(ProjectConfigurationPlatforms) = postSolution
		{D690F2D2-9FE3-4C81-8881-00991BD19513}.Debug|Any CPU.ActiveCfg = Debug|Any CPU
		{D690F2D2-9FE3-4C81-8881-00991BD19513}.Debug|Any CPU.Build.0 = Debug|Any CPU
		{D690F2D2-9FE3-4C81-8881-00991BD19513}.Release|Any CPU.ActiveCfg = Release|Any CPU
		{D690F2D2-9FE3-4C81-8881-00991BD19513}.Release|Any CPU.Build.0 = Release|Any CPU
	EndGlobalSection
	GlobalSection(SolutionProperties) = preSolution
		HideSolutionNode = FALSE
	EndGlobalSection
	GlobalSection(ExtensibilityGlobals) = postSolution
		SolutionGuid = {59102057-6949-4204-B471-144AA02C1C7B}
	EndGlobalSection
EndGlobal
